
Microsoft Visual Studio Solution File, Format Version 11.00
# Visual Studio 2010
Project("{FAE04EC0-301F-11D3-BF4B-00C04F79EFBC}") = "AR SHoot", "Assembly-CSharp.csproj", "{E9931ECA-AC26-9DEF-D50B-83C2148530A9}"
EndProject
Project("{FAE04EC0-301F-11D3-BF4B-00C04F79EFBC}") = "AR SHoot", "Assembly-CSharp-Editor.csproj", "{BC2F06DA-D1E8-581F-9EA6-B2BE3A79A769}"
EndProject
Project("{D4805FF8-AAFD-4AFA-572F-B91438D9E0B0}") = "AR SHoot", "Assembly-UnityScript-Editor-firstpass.unityproj", "{0C8656DE-5928-83B1-6BF0-50FE7E3872B3}"
EndProject
Global
	GlobalSection(SolutionConfigurationPlatforms) = preSolution
		Debug|Any CPU = Debug|Any CPU
		Release|Any CPU = Release|Any CPU
	EndGlobalSection
	GlobalSection(ProjectConfigurationPlatforms) = postSolution
		{E9931ECA-AC26-9DEF-D50B-83C2148530A9}.Debug|Any CPU.ActiveCfg = Debug|Any CPU
		{E9931ECA-AC26-9DEF-D50B-83C2148530A9}.Debug|Any CPU.Build.0 = Debug|Any CPU
		{E9931ECA-AC26-9DEF-D50B-83C2148530A9}.Release|Any CPU.ActiveCfg = Release|Any CPU
		{E9931ECA-AC26-9DEF-D50B-83C2148530A9}.Release|Any CPU.Build.0 = Release|Any CPU
		{BC2F06DA-D1E8-581F-9EA6-B2BE3A79A769}.Debug|Any CPU.ActiveCfg = Debug|Any CPU
		{BC2F06DA-D1E8-581F-9EA6-B2BE3A79A769}.Debug|Any CPU.Build.0 = Debug|Any CPU
		{BC2F06DA-D1E8-581F-9EA6-B2BE3A79A769}.Release|Any CPU.ActiveCfg = Release|Any CPU
		{BC2F06DA-D1E8-581F-9EA6-B2BE3A79A769}.Release|Any CPU.Build.0 = Release|Any CPU
		{0C8656DE-5928-83B1-6BF0-50FE7E3872B3}.Debug|Any CPU.ActiveCfg = Debug|Any CPU
		{0C8656DE-5928-83B1-6BF0-50FE7E3872B3}.Debug|Any CPU.Build.0 = Debug|Any CPU
		{0C8656DE-5928-83B1-6BF0-50FE7E3872B3}.Release|Any CPU.ActiveCfg = Release|Any CPU
		{0C8656DE-5928-83B1-6BF0-50FE7E3872B3}.Release|Any CPU.Build.0 = Release|Any CPU
	EndGlobalSection
	GlobalSection(SolutionProperties) = preSolution
		HideSolutionNode = FALSE
	EndGlobalSection
	GlobalSection(MonoDevelopProperties) = preSolution
		StartupItem = Assembly-CSharp.csproj
	EndGlobalSection
EndGlobal
